
Microsoft Visual Studio Solution File, Format Version 12.00
# Visual Studio 15
VisualStudioVersion = 15.0.26430.14
MinimumVisualStudioVersion = 10.0.40219.1
Project("{2150E333-8FDC-42A3-9474-1A3956D46DE8}") = "sourcecode", "sourcecode", "{EE0E027C-366F-4685-94D5-0EA5F6870B1B}"
EndProject
Project("{2150E333-8FDC-42A3-9474-1A3956D46DE8}") = "Exercises", "Exercises", "{78C06654-E155-40A8-97F7-7BA1E50977C5}"
EndProject
Project("{2150E333-8FDC-42A3-9474-1A3956D46DE8}") = "Other", "Other", "{A586CAA1-C864-488E-8301-D374FFD607C9}"
EndProject
Project("{2150E333-8FDC-42A3-9474-1A3956D46DE8}") = "Framework", "Framework", "{A8C5934B-38F4-49D4-A0E2-9A8F3F2945D3}"
EndProject
Project("{8BC9CEB8-8B4A-11D0-8D11-00A0C91BC942}") = "BasicX", "BasicX\BasicX.vcxproj", "{E745E25C-0143-42AC-A486-1395A4C972AE}"
EndProject
Project("{8BC9CEB8-8B4A-11D0-8D11-00A0C91BC942}") = "VariableApplication", "VariableApplication\VariableApplication.vcxproj", "{34D8E51C-8BFB-4316-8048-234C3FD966D1}"
	ProjectSection(ProjectDependencies) = postProject
		{E745E25C-0143-42AC-A486-1395A4C972AE} = {E745E25C-0143-42AC-A486-1395A4C972AE}
	EndProjectSection
EndProject
Project("{8BC9CEB8-8B4A-11D0-8D11-00A0C91BC942}") = "01_Playgroud", "01_Playgroud\01_Playgroud.vcxproj", "{BE52867A-92EA-479A-9F73-1E96168F9A7B}"
EndProject
Project("{8BC9CEB8-8B4A-11D0-8D11-00A0C91BC942}") = "00_Sandbox", "00_Sandbox\00_Sandbox.vcxproj", "{BB29A203-127B-46E9-A5B3-925715D5AA34}"
EndProject
Project("{8BC9CEB8-8B4A-11D0-8D11-00A0C91BC942}") = "A03 - Camera", "A03 - Camera\A03 - Camera.vcxproj", "{08A11DA8-4582-4AE0-90FE-929F44487E65}"
EndProject
Project("{8BC9CEB8-8B4A-11D0-8D11-00A0C91BC942}") = "A04 - SAT", "A04 - SAT\A04 - SAT.vcxproj", "{413BF597-600A-43A8-8A82-CB60E2DCDD95}"
EndProject
Project("{8BC9CEB8-8B4A-11D0-8D11-00A0C91BC942}") = "spaceinvaders", "A05 - Octree\A05 - Octree.vcxproj", "{44D2C07B-798D-461B-9019-DFB240593888}"
EndProject
Project("{8BC9CEB8-8B4A-11D0-8D11-00A0C91BC942}") = "E09 - ARBB", "E09 - ARBB\E09 - ARBB.vcxproj", "{9557AEB2-A186-4645-B8D0-678D133C2EFA}"
EndProject
Project("{8BC9CEB8-8B4A-11D0-8D11-00A0C91BC942}") = "E10 - EntityManager", "E10 - EntityManager\E10 - EntityManager.vcxproj", "{870B329D-6DED-48D2-8E86-0893E3BB8DAB}"
EndProject
Global
	GlobalSection(SolutionConfigurationPlatforms) = preSolution
		Debug|x86 = Debug|x86
		Release|x86 = Release|x86
	EndGlobalSection
	GlobalSection(ProjectConfigurationPlatforms) = postSolution
		{E745E25C-0143-42AC-A486-1395A4C972AE}.Debug|x86.ActiveCfg = Debug|Win32
		{E745E25C-0143-42AC-A486-1395A4C972AE}.Debug|x86.Build.0 = Debug|Win32
		{E745E25C-0143-42AC-A486-1395A4C972AE}.Debug|x86.Deploy.0 = Debug|Win32
		{E745E25C-0143-42AC-A486-1395A4C972AE}.Release|x86.ActiveCfg = Release|Win32
		{E745E25C-0143-42AC-A486-1395A4C972AE}.Release|x86.Build.0 = Release|Win32
		{E745E25C-0143-42AC-A486-1395A4C972AE}.Release|x86.Deploy.0 = Release|Win32
		{34D8E51C-8BFB-4316-8048-234C3FD966D1}.Debug|x86.ActiveCfg = Debug|Win32
		{34D8E51C-8BFB-4316-8048-234C3FD966D1}.Debug|x86.Build.0 = Debug|Win32
		{34D8E51C-8BFB-4316-8048-234C3FD966D1}.Release|x86.ActiveCfg = Release|Win32
		{34D8E51C-8BFB-4316-8048-234C3FD966D1}.Release|x86.Build.0 = Release|Win32
		{BE52867A-92EA-479A-9F73-1E96168F9A7B}.Debug|x86.ActiveCfg = Debug|Win32
		{BE52867A-92EA-479A-9F73-1E96168F9A7B}.Debug|x86.Build.0 = Debug|Win32
		{BE52867A-92EA-479A-9F73-1E96168F9A7B}.Release|x86.ActiveCfg = Release|Win32
		{BE52867A-92EA-479A-9F73-1E96168F9A7B}.Release|x86.Build.0 = Release|Win32
		{BB29A203-127B-46E9-A5B3-925715D5AA34}.Debug|x86.ActiveCfg = Debug|Win32
		{BB29A203-127B-46E9-A5B3-925715D5AA34}.Debug|x86.Build.0 = Debug|Win32
		{BB29A203-127B-46E9-A5B3-925715D5AA34}.Release|x86.ActiveCfg = Release|Win32
		{BB29A203-127B-46E9-A5B3-925715D5AA34}.Release|x86.Build.0 = Release|Win32
		{08A11DA8-4582-4AE0-90FE-929F44487E65}.Debug|x86.ActiveCfg = Debug|Win32
		{08A11DA8-4582-4AE0-90FE-929F44487E65}.Debug|x86.Build.0 = Debug|Win32
		{08A11DA8-4582-4AE0-90FE-929F44487E65}.Release|x86.ActiveCfg = Release|Win32
		{08A11DA8-4582-4AE0-90FE-929F44487E65}.Release|x86.Build.0 = Release|Win32
		{413BF597-600A-43A8-8A82-CB60E2DCDD95}.Debug|x86.ActiveCfg = Debug|Win32
		{413BF597-600A-43A8-8A82-CB60E2DCDD95}.Debug|x86.Build.0 = Debug|Win32
		{413BF597-600A-43A8-8A82-CB60E2DCDD95}.Release|x86.ActiveCfg = Release|Win32
		{413BF597-600A-43A8-8A82-CB60E2DCDD95}.Release|x86.Build.0 = Release|Win32
		{44D2C07B-798D-461B-9019-DFB240593888}.Debug|x86.ActiveCfg = Debug|Win32
		{44D2C07B-798D-461B-9019-DFB240593888}.Debug|x86.Build.0 = Debug|Win32
		{44D2C07B-798D-461B-9019-DFB240593888}.Release|x86.ActiveCfg = Release|Win32
		{44D2C07B-798D-461B-9019-DFB240593888}.Release|x86.Build.0 = Release|Win32
		{9557AEB2-A186-4645-B8D0-678D133C2EFA}.Debug|x86.ActiveCfg = Debug|Win32
		{9557AEB2-A186-4645-B8D0-678D133C2EFA}.Debug|x86.Build.0 = Debug|Win32
		{9557AEB2-A186-4645-B8D0-678D133C2EFA}.Release|x86.ActiveCfg = Release|Win32
		{9557AEB2-A186-4645-B8D0-678D133C2EFA}.Release|x86.Build.0 = Release|Win32
		{870B329D-6DED-48D2-8E86-0893E3BB8DAB}.Debug|x86.ActiveCfg = Debug|Win32
		{870B329D-6DED-48D2-8E86-0893E3BB8DAB}.Debug|x86.Build.0 = Debug|Win32
		{870B329D-6DED-48D2-8E86-0893E3BB8DAB}.Release|x86.ActiveCfg = Release|Win32
		{870B329D-6DED-48D2-8E86-0893E3BB8DAB}.Release|x86.Build.0 = Release|Win32
	EndGlobalSection
	GlobalSection(SolutionProperties) = preSolution
		HideSolutionNode = FALSE
	EndGlobalSection
	GlobalSection(NestedProjects) = preSolution
		{78C06654-E155-40A8-97F7-7BA1E50977C5} = {EE0E027C-366F-4685-94D5-0EA5F6870B1B}
		{E745E25C-0143-42AC-A486-1395A4C972AE} = {A8C5934B-38F4-49D4-A0E2-9A8F3F2945D3}
		{34D8E51C-8BFB-4316-8048-234C3FD966D1} = {A586CAA1-C864-488E-8301-D374FFD607C9}
		{BE52867A-92EA-479A-9F73-1E96168F9A7B} = {A586CAA1-C864-488E-8301-D374FFD607C9}
		{BB29A203-127B-46E9-A5B3-925715D5AA34} = {A586CAA1-C864-488E-8301-D374FFD607C9}
		{08A11DA8-4582-4AE0-90FE-929F44487E65} = {EE0E027C-366F-4685-94D5-0EA5F6870B1B}
		{413BF597-600A-43A8-8A82-CB60E2DCDD95} = {EE0E027C-366F-4685-94D5-0EA5F6870B1B}
		{9557AEB2-A186-4645-B8D0-678D133C2EFA} = {78C06654-E155-40A8-97F7-7BA1E50977C5}
		{870B329D-6DED-48D2-8E86-0893E3BB8DAB} = {78C06654-E155-40A8-97F7-7BA1E50977C5}
	EndGlobalSection
	GlobalSection(ExtensibilityGlobals) = postSolution
		SolutionGuid = {A36545A6-DAAA-4856-BDB7-57C29F88BC6B}
	EndGlobalSection
EndGlobal
